# THIS IS AN AUTOGENERATED FILE. DO NOT EDIT THIS FILE DIRECTLY.
# yarn lockfile v1


"@peculiar/asn1-schema@^2.1.6", "@peculiar/asn1-schema@^2.3.0":
  version "2.3.3"
  resolved "https://registry.yarnpkg.com/@peculiar/asn1-schema/-/asn1-schema-2.3.3.tgz#21418e1f3819e0b353ceff0c2dad8ccb61acd777"
  integrity sha512-6GptMYDMyWBHTUKndHaDsRZUO/XMSgIns2krxcm2L7SEExRHwawFvSwNBhqNPR9HJwv3MruAiF1bhN0we6j6GQ==
  dependencies:
    asn1js "^3.0.5"
    pvtsutils "^1.3.2"
    tslib "^2.4.0"

"@peculiar/json-schema@^1.1.12":
  version "1.1.12"
  resolved "https://registry.yarnpkg.com/@peculiar/json-schema/-/json-schema-1.1.12.tgz#fe61e85259e3b5ba5ad566cb62ca75b3d3cd5339"
  integrity sha512-coUfuoMeIB7B8/NMekxaDzLhaYmp0HZNPEjYRm9goRou8UZIC3z21s0sL9AWoCw4EG876QyO3kYrc61WNF9B/w==
  dependencies:
    tslib "^2.0.0"

"@peculiar/webcrypto@^1.4.0":
  version "1.4.1"
  resolved "https://registry.yarnpkg.com/@peculiar/webcrypto/-/webcrypto-1.4.1.tgz#821493bd5ad0f05939bd5f53b28536f68158360a"
  integrity sha512-eK4C6WTNYxoI7JOabMoZICiyqRRtJB220bh0Mbj5RwRycleZf9BPyZoxsTvpP0FpmVS2aS13NKOuh5/tN3sIRw==
  dependencies:
    "@peculiar/asn1-schema" "^2.3.0"
    "@peculiar/json-schema" "^1.1.12"
    pvtsutils "^1.3.2"
    tslib "^2.4.1"
    webcrypto-core "^1.7.4"

"@playwright/test@^1.29.2":
  version "1.29.2"
  resolved "https://registry.yarnpkg.com/@playwright/test/-/test-1.29.2.tgz#c48184721d0f0b7627a886e2ec42f1efb2be339d"
  integrity sha512-+3/GPwOgcoF0xLz/opTnahel1/y42PdcgZ4hs+BZGIUjtmEFSXGg+nFoaH3NSmuc7a6GSFwXDJ5L7VXpqzigNg==
  dependencies:
    "@types/node" "*"
    playwright-core "1.29.2"

"@swc-node/core@^1.9.2":
  version "1.9.2"
  resolved "https://registry.yarnpkg.com/@swc-node/core/-/core-1.9.2.tgz#9c126ace9c71acd8ad301b3823bde7925d8a58ab"
  integrity sha512-tInCla6NO1HEQwhIc/K7PCOu4X3ppqw5xYNEMD7i41SyRuH7yp3u8x7x2cqeAD+6IAhJ5jKDPv2QRLPz7Xt3EA==

"@swc-node/register@^1.5.5":
  version "1.5.5"
  resolved "https://registry.yarnpkg.com/@swc-node/register/-/register-1.5.5.tgz#0c9c6b8ea969b7ee2280e176debd1fde89986c06"
  integrity sha512-SNpbRG8EOXShk3YAnC4suAVovYQ7oFOFdCVBA3J8hkO5qy0WHPVnlnMojTYI+8UT1CrfQ1QSUySaAARRvEdwjg==
  dependencies:
    "@swc-node/core" "^1.9.2"
    "@swc-node/sourcemap-support" "^0.2.3"
    colorette "^2.0.19"
    debug "^4.3.4"
    pirates "^4.0.5"
    tslib "^2.4.1"

"@swc-node/sourcemap-support@^0.2.3":
  version "0.2.3"
  resolved "https://registry.yarnpkg.com/@swc-node/sourcemap-support/-/sourcemap-support-0.2.3.tgz#fbd049a409bb10d198dea4e5fff5795a33ddd9dd"
  integrity sha512-LOC/z9HDUmTqSAF08YIRLThGGNZLdRrjcEdoQu/EANxPSVRedYgh4AiZlOX8sY8Rp1p7S/StOmZogJLuvR4mcA==
  dependencies:
    source-map-support "^0.5.21"
    tslib "^2.4.1"

"@swc/core-darwin-arm64@1.3.25":
  version "1.3.25"
  resolved "https://registry.yarnpkg.com/@swc/core-darwin-arm64/-/core-darwin-arm64-1.3.25.tgz#01ce7b8a88b545a4fc5283ed6f96b22c5733d6c4"
  integrity sha512-8PWAVcjTJyj2VrqPBFOIi2w2P0Z8kOCbzHW3+pe+bSXxfGMG0MKPl5U2IXhsEL0ovm4xSFlqW0yygpoP3MmRPw==

"@swc/core-darwin-x64@1.3.25":
  version "1.3.25"
  resolved "https://registry.yarnpkg.com/@swc/core-darwin-x64/-/core-darwin-x64-1.3.25.tgz#9fad102c507011f42c5a5d1f84919b81ab96d7f8"
  integrity sha512-5DHGiMYFEj5aa208tCjo7Sn5tiG4xPz+4gUiWVlglxqXFptkNim5xu/1G6VYm5Zk7dI5jJkjTU76GQG7IRvPug==

"@swc/core-linux-arm-gnueabihf@1.3.25":
  version "1.3.25"
  resolved "https://registry.yarnpkg.com/@swc/core-linux-arm-gnueabihf/-/core-linux-arm-gnueabihf-1.3.25.tgz#ecf3a34899fdbdc742523524caab29c0db97a6ad"
  integrity sha512-YNfLxv9PhZk+jrJbpR1mMrYBUkufo0hiFv3S1OrX3l8edsIP4wPND5w9ZH0Oi898f6Jg9DBrY2zXJMQ+gWkbvA==

"@swc/core-linux-arm64-gnu@1.3.25":
  version "1.3.25"
  resolved "https://registry.yarnpkg.com/@swc/core-linux-arm64-gnu/-/core-linux-arm64-gnu-1.3.25.tgz#50524c9db2dbf874570e45f0a66e0283f02bc2d9"
  integrity sha512-kS+spM5/xQ6QvWF1ms3byfjnhUlpjTfFwgCyHnIKgjvsYkDa+vkAIhKq6HuEdaTPaCRCjts0Zarhub1nClUU0g==

"@swc/core-linux-arm64-musl@1.3.25":
  version "1.3.25"
  resolved "https://registry.yarnpkg.com/@swc/core-linux-arm64-musl/-/core-linux-arm64-musl-1.3.25.tgz#f04a3d3784cff14f96ad9901861485ec0fa14ebf"
  integrity sha512-vM3D7LWmjotUAJ2D4F+L+dspFeWrcPNVh0o8TCoTOYCt8DPD5YsUKTpIgOsZ+gReeWUAnNTh0Btx5pGGVfajGA==

"@swc/core-linux-x64-gnu@1.3.25":
  version "1.3.25"
  resolved "https://registry.yarnpkg.com/@swc/core-linux-x64-gnu/-/core-linux-x64-gnu-1.3.25.tgz#761fb020b8a0130e4dccc9c8dce355fa06df63f4"
  integrity sha512-xUCLLMDlYa/zB8BftVa4SrxuVpcDxkltCfmBg5r2pZPVskhC5ZJsQZ/AvWNChoAB11shRhjTaWDlmxJEsa7TIg==

"@swc/core-linux-x64-musl@1.3.25":
  version "1.3.25"
  resolved "https://registry.yarnpkg.com/@swc/core-linux-x64-musl/-/core-linux-x64-musl-1.3.25.tgz#f944ee48c972ebdcb3e6d6fd62d67eb98dbb1268"
  integrity sha512-QzHU3BIaUVRSFNsUn3Qxx1vgtF/f5NqsFMAAPSq9Y8Yq5nrlc2t7cNuOROxHLbUqE+NPUp6+RglleJMoeWz5mA==

"@swc/core-win32-arm64-msvc@1.3.25":
  version "1.3.25"
  resolved "https://registry.yarnpkg.com/@swc/core-win32-arm64-msvc/-/core-win32-arm64-msvc-1.3.25.tgz#af63ae850ef6e7322e8a5a0959529e96096239d2"
  integrity sha512-77VSVtneVOAUL4zkRyQZ6pWVpTsVVdqwly/DKnRnloglGKxYuk5DG5MUBsL72Nnfv4OCHjZ27eI3NUrpLsUb2Q==

"@swc/core-win32-ia32-msvc@1.3.25":
  version "1.3.25"
  resolved "https://registry.yarnpkg.com/@swc/core-win32-ia32-msvc/-/core-win32-ia32-msvc-1.3.25.tgz#96a869aa4b4c41c44c9c9893ac4aad68d1233022"
  integrity sha512-kz0v3K3H6OPEZR3ry72Ad/6C5GrZBRRUk69K58LORQ8tZXQD3UGl85pUbQqyHl8fR5NU76Muxgovj9CI9iTHGA==

"@swc/core-win32-x64-msvc@1.3.25":
  version "1.3.25"
  resolved "https://registry.yarnpkg.com/@swc/core-win32-x64-msvc/-/core-win32-x64-msvc-1.3.25.tgz#9035c11626653322a404f3f44af11a02d989094c"
  integrity sha512-nmQOAzIpNRRnupWzkenJmW4i+h1M76cVNUqEU2MjmtesEkRZEGqv//jefXiyCP2zcbeLNLKiB2ptVJhpd1BvRA==

"@swc/core@^1.3.25":
  version "1.3.25"
  resolved "https://registry.yarnpkg.com/@swc/core/-/core-1.3.25.tgz#53786ea51fac319684d6822de1738eb55b73a4b7"
  integrity sha512-wqzvM/wu6OsTVYPMStOpm7kIQcPX3GoZ0sC85qzDdsCxmJ1rmItLAD91sXPUmmdk0XqPYjLgT9MRDEIP5woz4g==
  optionalDependencies:
    "@swc/core-darwin-arm64" "1.3.25"
    "@swc/core-darwin-x64" "1.3.25"
    "@swc/core-linux-arm-gnueabihf" "1.3.25"
    "@swc/core-linux-arm64-gnu" "1.3.25"
    "@swc/core-linux-arm64-musl" "1.3.25"
    "@swc/core-linux-x64-gnu" "1.3.25"
    "@swc/core-linux-x64-musl" "1.3.25"
    "@swc/core-win32-arm64-msvc" "1.3.25"
    "@swc/core-win32-ia32-msvc" "1.3.25"
    "@swc/core-win32-x64-msvc" "1.3.25"

"@types/node@*":
  version "18.11.18"
  resolved "https://registry.yarnpkg.com/@types/node/-/node-18.11.18.tgz#8dfb97f0da23c2293e554c5a50d61ef134d7697f"
  integrity sha512-DHQpWGjyQKSHj3ebjFI/wRKcqQcdR+MoFBygntYOZytCqNfkd2ZC4ARDJ2DQqhjH5p85Nnd3jhUJIXrszFX/JA==

"@whatwg-node/fetch@^0.6.1":
  version "0.6.1"
  resolved "https://registry.yarnpkg.com/@whatwg-node/fetch/-/fetch-0.6.1.tgz#802a3e71ade25c04211efc2f1520a25a8829924f"
  integrity sha512-sG39WLvcJxGZ+gDstnLSXR2IcnuvIOB51KxCFo0mEhFW0q2u8fZgolr0HPkL+zXwOJsnmT+9V3IRcqLnTXdqVQ==
  dependencies:
    "@peculiar/webcrypto" "^1.4.0"
    abort-controller "^3.0.0"
    busboy "^1.6.0"
    form-data-encoder "^1.7.1"
    formdata-node "^4.3.1"
    node-fetch "^2.6.7"
    undici "^5.12.0"
    urlpattern-polyfill "^6.0.2"
    web-streams-polyfill "^3.2.0"

abort-controller@^3.0.0:
  version "3.0.0"
  resolved "https://registry.yarnpkg.com/abort-controller/-/abort-controller-3.0.0.tgz#eaf54d53b62bae4138e809ca225c8439a6efb392"
  integrity sha512-h8lQ8tacZYnR3vNQTgibj+tODHI5/+l06Au2Pcriv/Gmet0eaj4TwWH41sO9wnHDiQsEj19q0drzdWdeAHtweg==
  dependencies:
    event-target-shim "^5.0.0"

asn1js@^3.0.1, asn1js@^3.0.5:
  version "3.0.5"
  resolved "https://registry.yarnpkg.com/asn1js/-/asn1js-3.0.5.tgz#5ea36820443dbefb51cc7f88a2ebb5b462114f38"
  integrity sha512-FVnvrKJwpt9LP2lAMl8qZswRNm3T4q9CON+bxldk2iwk3FFpuwhx2FfinyitizWHsVYyaY+y5JzDR0rCMV5yTQ==
  dependencies:
    pvtsutils "^1.3.2"
    pvutils "^1.1.3"
    tslib "^2.4.0"

balanced-match@^1.0.0:
  version "1.0.2"
  resolved "https://registry.yarnpkg.com/balanced-match/-/balanced-match-1.0.2.tgz#e83e3a7e3f300b34cb9d87f615fa0cbf357690ee"
  integrity sha512-3oSeUO0TMV67hN1AmbXsK4yaqU7tjiHlbxRDZOpH0KW9+CeX4bRAaX0Anxt0tx2MrpRpWwQaPwIlISEJhYU5Pw==

brace-expansion@^2.0.1:
  version "2.0.1"
  resolved "https://registry.yarnpkg.com/brace-expansion/-/brace-expansion-2.0.1.tgz#1edc459e0f0c548486ecf9fc99f2221364b9a0ae"
  integrity sha512-XnAIvQ8eM+kC6aULx6wuQiwVsnzsi9d3WxzV3FpWTGA19F621kwdbsAcFKXgKUHZWsy+mY6iL1sHTxWEFCytDA==
  dependencies:
    balanced-match "^1.0.0"

braces@^3.0.2:
  version "3.0.2"
  resolved "https://registry.yarnpkg.com/braces/-/braces-3.0.2.tgz#3454e1a462ee8d599e236df336cd9ea4f8afe107"
  integrity sha512-b8um+L1RzM3WDSzvhm6gIz1yfTbBt6YTlcEKAvsmqCZZFw46z626lVj9j1yEPW33H5H+lBQpZMP1k8l+78Ha0A==
  dependencies:
    fill-range "^7.0.1"

buffer-from@^1.0.0:
  version "1.1.2"
  resolved "https://registry.yarnpkg.com/buffer-from/-/buffer-from-1.1.2.tgz#2b146a6fd72e80b4f55d255f35ed59a3a9a41bd5"
  integrity sha512-E+XQCRwSbaaiChtv6k6Dwgc+bx+Bs6vuKJHHl5kox/BaKbhiXzqQOwK4cO22yElGp2OCmjwVhT3HmxgyPGnJfQ==

busboy@^1.6.0:
  version "1.6.0"
  resolved "https://registry.yarnpkg.com/busboy/-/busboy-1.6.0.tgz#966ea36a9502e43cdb9146962523b92f531f6893"
  integrity sha512-8SFQbg/0hQ9xy3UNTB0YEnsNBbWfhf7RtnzpL7TkBiTBRfrQ9Fxcnz7VJsleJpyp6rVLvXiuORqjlHi5q+PYuA==
  dependencies:
    streamsearch "^1.1.0"

colorette@^2.0.19:
  version "2.0.19"
  resolved "https://registry.yarnpkg.com/colorette/-/colorette-2.0.19.tgz#cdf044f47ad41a0f4b56b3a0d5b4e6e1a2d5a798"
  integrity sha512-3tlv/dIP7FWvj3BsbHrGLJ6l/oKh1O3TcgBqMn+yyCagOxc23fyzDS6HypQbgxWbkpDnf52p1LuR4eWDQ/K9WQ==

debug@^4.3.4:
  version "4.3.4"
  resolved "https://registry.yarnpkg.com/debug/-/debug-4.3.4.tgz#1319f6579357f2338d3337d2cdd4914bb5dcc865"
  integrity sha512-PRWFHuSU3eDtQJPvnNY7Jcket1j0t5OuOsFzPPzsekD52Zl8qUfFIPEiswXqIvHWGVHOgX+7G/vCNNhehwxfkQ==
  dependencies:
    ms "2.1.2"

dotenv@^16.0.3:
  version "16.0.3"
  resolved "https://registry.yarnpkg.com/dotenv/-/dotenv-16.0.3.tgz#115aec42bac5053db3c456db30cc243a5a836a07"
  integrity sha512-7GO6HghkA5fYG9TYnNxi14/7K9f5occMlp3zXAuSxn7CKCxt9xbNWG7yF8hTCSUchlfWSe3uLmlPfigevRItzQ==

event-target-shim@^5.0.0:
  version "5.0.1"
  resolved "https://registry.yarnpkg.com/event-target-shim/-/event-target-shim-5.0.1.tgz#5d4d3ebdf9583d63a5333ce2deb7480ab2b05789"
  integrity sha512-i/2XbnSz/uxRCU6+NdVJgKWDTM427+MqYbkQzD321DuCQJUqOuJKIA0IM2+W2xtYHdKOmZ4dR6fExsd4SXL+WQ==

fast-xml-parser@^4.0.13:
  version "4.0.13"
  resolved "https://registry.yarnpkg.com/fast-xml-parser/-/fast-xml-parser-4.0.13.tgz#dab3e7ea17d39805af0a9f6d041f4c975c2b9b58"
  integrity sha512-g+OboAw8ol1FgTHhKLR7ZHcItNudceiY04BBrvqa0JBWoPhi/+e5r4H5AeW+EsQCroJLJwsuOP3dD3c6cc5uOg==
  dependencies:
    strnum "^1.0.5"

fill-range@^7.0.1:
  version "7.0.1"
  resolved "https://registry.yarnpkg.com/fill-range/-/fill-range-7.0.1.tgz#1919a6a7c75fe38b2c7c77e5198535da9acdda40"
  integrity sha512-qOo9F+dMUmC2Lcb4BbVvnKJxTPjCm+RRpe4gDuGrzkL7mEVl/djYSu2OdQ2Pa302N4oqkSg9ir6jaLWJ2USVpQ==
  dependencies:
    to-regex-range "^5.0.1"

form-data-encoder@^1.7.1:
  version "1.7.2"
  resolved "https://registry.yarnpkg.com/form-data-encoder/-/form-data-encoder-1.7.2.tgz#1f1ae3dccf58ed4690b86d87e4f57c654fbab040"
  integrity sha512-qfqtYan3rxrnCk1VYaA4H+Ms9xdpPqvLZa6xmMgFvhO32x7/3J/ExcTd6qpxM0vH2GdMI+poehyBZvqfMTto8A==

formdata-node@^4.3.1:
  version "4.4.1"
  resolved "https://registry.yarnpkg.com/formdata-node/-/formdata-node-4.4.1.tgz#23f6a5cb9cb55315912cbec4ff7b0f59bbd191e2"
  integrity sha512-0iirZp3uVDjVGt9p49aTaqjk84TrglENEDuqfdlZQ1roC9CWlPk6Avf8EEnZNcAqPonwkG35x4n3ww/1THYAeQ==
  dependencies:
    node-domexception "1.0.0"
    web-streams-polyfill "4.0.0-beta.3"

fs-jetpack@^5.1.0:
  version "5.1.0"
  resolved "https://registry.yarnpkg.com/fs-jetpack/-/fs-jetpack-5.1.0.tgz#dcd34d709b69007c9dc2420a6f2b9e8f986cff0d"
  integrity sha512-Xn4fDhLydXkuzepZVsr02jakLlmoARPy+YWIclo4kh0GyNGUHnTqeH/w/qIsVn50dFxtp8otPL2t/HcPJBbxUA==
  dependencies:
    minimatch "^5.1.0"

is-number@^7.0.0:
  version "7.0.0"
  resolved "https://registry.yarnpkg.com/is-number/-/is-number-7.0.0.tgz#7535345b896734d5f80c4d06c50955527a14f12b"
  integrity sha512-41Cifkg6e8TylSpdtTpeLVMqvSBEVzTttHvERD741+pnZ8ANv0004MRL43QKPDlK9cGvNp6NZWZUBlbGXYxxng==

minimatch@^5.1.0:
  version "5.1.2"
  resolved "https://registry.yarnpkg.com/minimatch/-/minimatch-5.1.2.tgz#0939d7d6f0898acbd1508abe534d1929368a8fff"
  integrity sha512-bNH9mmM9qsJ2X4r2Nat1B//1dJVcn3+iBLa3IgqJ7EbGaDNepL9QSHOxN4ng33s52VMMhhIfgCYDk3C4ZmlDAg==
  dependencies:
    brace-expansion "^2.0.1"

ms@2.1.2:
  version "2.1.2"
  resolved "https://registry.yarnpkg.com/ms/-/ms-2.1.2.tgz#d09d1f357b443f493382a8eb3ccd183872ae6009"
  integrity sha512-sGkPx+VjMtmA6MX27oA4FBFELFCZZ4S4XqeGOXCv68tT+jb3vk/RyaKWP0PTKyWtmLSM0b+adUTEvbs1PEaH2w==

node-domexception@1.0.0:
  version "1.0.0"
  resolved "https://registry.yarnpkg.com/node-domexception/-/node-domexception-1.0.0.tgz#6888db46a1f71c0b76b3f7555016b63fe64766e5"
  integrity sha512-/jKZoMpw0F8GRwl4/eLROPA3cfcXtLApP0QzLmUT/HuPCZWyB7IY9ZrMeKw2O/nFIqPQB3PVM9aYm0F312AXDQ==

node-fetch@^2.6.7:
  version "2.6.7"
  resolved "https://registry.yarnpkg.com/node-fetch/-/node-fetch-2.6.7.tgz#24de9fba827e3b4ae44dc8b20256a379160052ad"
  integrity sha512-ZjMPFEfVx5j+y2yF35Kzx5sF7kDzxuDj6ziH4FFbOp87zKDZNx8yExJIb05OGF4Nlt9IHFIMBkRl41VdvcNdbQ==
  dependencies:
    whatwg-url "^5.0.0"

pirates@^4.0.5:
  version "4.0.5"
  resolved "https://registry.yarnpkg.com/pirates/-/pirates-4.0.5.tgz#feec352ea5c3268fb23a37c702ab1699f35a5f3b"
  integrity sha512-8V9+HQPupnaXMA23c5hvl69zXvTwTzyAYasnkb0Tts4XvO4CliqONMOnvlq26rkhLC3nWDFBJf73LU1e1VZLaQ==

playwright-core@1.29.2:
  version "1.29.2"
  resolved "https://registry.yarnpkg.com/playwright-core/-/playwright-core-1.29.2.tgz#2e8347e7e8522409f22b244e600e703b64022406"
  integrity sha512-94QXm4PMgFoHAhlCuoWyaBYKb92yOcGVHdQLoxQ7Wjlc7Flg4aC/jbFW7xMR52OfXMVkWicue4WXE7QEegbIRA==

playwright@^1.29.2:
  version "1.29.2"
  resolved "https://registry.yarnpkg.com/playwright/-/playwright-1.29.2.tgz#d6a0a3e8e44f023f7956ed19ffa8af915a042769"
  integrity sha512-hKBYJUtdmYzcjdhYDkP9WGtORwwZBBKAW8+Lz7sr0ZMxtJr04ASXVzH5eBWtDkdb0c3LLFsehfPBTRfvlfKJOA==
  dependencies:
    playwright-core "1.29.2"

prettier@^2.8.2:
  version "2.8.2"
  resolved "https://registry.yarnpkg.com/prettier/-/prettier-2.8.2.tgz#c4ea1b5b454d7c4b59966db2e06ed7eec5dfd160"
  integrity sha512-BtRV9BcncDyI2tsuS19zzhzoxD8Dh8LiCx7j7tHzrkz8GFXAexeWFdi22mjE1d16dftH2qNaytVxqiRTGlMfpw==

pvtsutils@^1.3.2:
  version "1.3.2"
  resolved "https://registry.yarnpkg.com/pvtsutils/-/pvtsutils-1.3.2.tgz#9f8570d132cdd3c27ab7d51a2799239bf8d8d5de"
  integrity sha512-+Ipe2iNUyrZz+8K/2IOo+kKikdtfhRKzNpQbruF2URmqPtoqAs8g3xS7TJvFF2GcPXjh7DkqMnpVveRFq4PgEQ==
  dependencies:
    tslib "^2.4.0"

pvutils@^1.1.3:
  version "1.1.3"
  resolved "https://registry.yarnpkg.com/pvutils/-/pvutils-1.1.3.tgz#f35fc1d27e7cd3dfbd39c0826d173e806a03f5a3"
  integrity sha512-pMpnA0qRdFp32b1sJl1wOJNxZLQ2cbQx+k6tjNtZ8CpvVhNqEPRgivZ2WOUev2YMajecdH7ctUPDvEe87nariQ==

source-map-support@^0.5.21:
  version "0.5.21"
  resolved "https://registry.yarnpkg.com/source-map-support/-/source-map-support-0.5.21.tgz#04fe7c7f9e1ed2d662233c28cb2b35b9f63f6e4f"
  integrity sha512-uBHU3L3czsIyYXKX88fdrGovxdSCoTGDRZ6SYXtSRxLZUzHg5P/66Ht6uoUlHu9EZod+inXhKo3qQgwXUT/y1w==
  dependencies:
    buffer-from "^1.0.0"
    source-map "^0.6.0"

source-map@^0.6.0:
  version "0.6.1"
  resolved "https://registry.yarnpkg.com/source-map/-/source-map-0.6.1.tgz#74722af32e9614e9c287a8d0bbde48b5e2f1a263"
  integrity sha512-UjgapumWlbMhkBgzT7Ykc5YXUT46F0iKu8SGXq0bcwP5dz/h0Plj6enJqjz1Zbq2l5WaqYnrVbwWOWMyF3F47g==

streamsearch@^1.1.0:
  version "1.1.0"
  resolved "https://registry.yarnpkg.com/streamsearch/-/streamsearch-1.1.0.tgz#404dd1e2247ca94af554e841a8ef0eaa238da764"
  integrity sha512-Mcc5wHehp9aXz1ax6bZUyY5afg9u2rv5cqQI3mRrYkGC8rW2hM02jWuwjtL++LS5qinSyhj2QfLyNsuc+VsExg==

strnum@^1.0.5:
  version "1.0.5"
  resolved "https://registry.yarnpkg.com/strnum/-/strnum-1.0.5.tgz#5c4e829fe15ad4ff0d20c3db5ac97b73c9b072db"
  integrity sha512-J8bbNyKKXl5qYcR36TIO8W3mVGVHrmmxsd5PAItGkmyzwJvybiw2IVq5nqd0i4LSNSkB/sx9VHllbfFdr9k1JA==

to-regex-range@^5.0.1:
  version "5.0.1"
  resolved "https://registry.yarnpkg.com/to-regex-range/-/to-regex-range-5.0.1.tgz#1648c44aae7c8d988a326018ed72f5b4dd0392e4"
  integrity sha512-65P7iz6X5yEr1cwcgvQxbbIw7Uk3gOy5dIdtZ4rDveLqhrdJP+Li/Hx6tyK0NEb+2GCyneCMJiGqrADCSNk8sQ==
  dependencies:
    is-number "^7.0.0"

tr46@~0.0.3:
  version "0.0.3"
  resolved "https://registry.yarnpkg.com/tr46/-/tr46-0.0.3.tgz#8184fd347dac9cdc185992f3a6622e14b9d9ab6a"
  integrity sha512-N3WMsuqV66lT30CrXNbEjx4GEwlow3v6rr4mCcv6prnfwhS01rkgyFdjPNBYd9br7LpXV1+Emh01fHnq2Gdgrw==

tslib@^2.0.0, tslib@^2.4.0, tslib@^2.4.1:
  version "2.4.1"
  resolved "https://registry.yarnpkg.com/tslib/-/tslib-2.4.1.tgz#0d0bfbaac2880b91e22df0768e55be9753a5b17e"
  integrity sha512-tGyy4dAjRIEwI7BzsB0lynWgOpfqjUdq91XXAlIWD2OwKBH7oCl/GZG/HT4BOHrTlPMOASlMQ7veyTqpmRcrNA==

typescript@^4.9.4:
  version "4.9.4"
  resolved "https://registry.yarnpkg.com/typescript/-/typescript-4.9.4.tgz#a2a3d2756c079abda241d75f149df9d561091e78"
  integrity sha512-Uz+dTXYzxXXbsFpM86Wh3dKCxrQqUcVMxwU54orwlJjOpO3ao8L7j5lH+dWfTwgCwIuM9GQ2kvVotzYJMXTBZg==

undici@^5.12.0:
  version "5.14.0"
  resolved "https://registry.yarnpkg.com/undici/-/undici-5.14.0.tgz#1169d0cdee06a4ffdd30810f6228d57998884d00"
  integrity sha512-yJlHYw6yXPPsuOH0x2Ib1Km61vu4hLiRRQoafs+WUgX1vO64vgnxiCEN9dpIrhZyHFsai3F0AEj4P9zy19enEQ==
  dependencies:
    busboy "^1.6.0"

urlpattern-polyfill@^6.0.2:
  version "6.0.2"
  resolved "https://registry.yarnpkg.com/urlpattern-polyfill/-/urlpattern-polyfill-6.0.2.tgz#a193fe773459865a2a5c93b246bb794b13d07256"
  integrity sha512-5vZjFlH9ofROmuWmXM9yj2wljYKgWstGwe8YTyiqM7hVum/g9LyCizPZtb3UqsuppVwety9QJmfc42VggLpTgg==
  dependencies:
    braces "^3.0.2"

web-streams-polyfill@4.0.0-beta.3:
  version "4.0.0-beta.3"
  resolved "https://registry.yarnpkg.com/web-streams-polyfill/-/web-streams-polyfill-4.0.0-beta.3.tgz#2898486b74f5156095e473efe989dcf185047a38"
  integrity sha512-QW95TCTaHmsYfHDybGMwO5IJIM93I/6vTRk+daHTWFPhwh+C8Cg7j7XyKrwrj8Ib6vYXe0ocYNrmzY4xAAN6ug==

web-streams-polyfill@^3.2.0:
  version "3.2.1"
  resolved "https://registry.yarnpkg.com/web-streams-polyfill/-/web-streams-polyfill-3.2.1.tgz#71c2718c52b45fd49dbeee88634b3a60ceab42a6"
  integrity sha512-e0MO3wdXWKrLbL0DgGnUV7WHVuw9OUvL4hjgnPkIeEvESk74gAITi5G606JtZPp39cd8HA9VQzCIvA49LpPN5Q==

webcrypto-core@^1.7.4:
  version "1.7.5"
  resolved "https://registry.yarnpkg.com/webcrypto-core/-/webcrypto-core-1.7.5.tgz#c02104c953ca7107557f9c165d194c6316587ca4"
  integrity sha512-gaExY2/3EHQlRNNNVSrbG2Cg94Rutl7fAaKILS1w8ZDhGxdFOaw6EbCfHIxPy9vt/xwp5o0VQAx9aySPF6hU1A==
  dependencies:
    "@peculiar/asn1-schema" "^2.1.6"
    "@peculiar/json-schema" "^1.1.12"
    asn1js "^3.0.1"
    pvtsutils "^1.3.2"
    tslib "^2.4.0"

webidl-conversions@^3.0.0:
  version "3.0.1"
  resolved "https://registry.yarnpkg.com/webidl-conversions/-/webidl-conversions-3.0.1.tgz#24534275e2a7bc6be7bc86611cc16ae0a5654871"
  integrity sha512-2JAn3z8AR6rjK8Sm8orRC0h/bcl/DqL7tRPdGZ4I1CjdF+EaMLmYxBHyXuKL849eucPFhvBoxMsflfOb8kxaeQ==

whatwg-url@^5.0.0:
  version "5.0.0"
  resolved "https://registry.yarnpkg.com/whatwg-url/-/whatwg-url-5.0.0.tgz#966454e8765462e37644d3626f6742ce8b70965d"
  integrity sha512-saE57nupxk6v3HY35+jzBwYa0rKSy0XR8JSxZPwgLr7ys0IBzhGviA1/TUGJLmSVqs8pb9AnvICXEuOHLprYTw==
  dependencies:
    tr46 "~0.0.3"
    webidl-conversions "^3.0.0"
