# THIS IS AN AUTOGENERATED FILE. DO NOT EDIT THIS FILE DIRECTLY.
# yarn lockfile v1


"@peculiar/asn1-schema@^2.1.6", "@peculiar/asn1-schema@^2.3.0":
  "integrity" "sha512-6GptMYDMyWBHTUKndHaDsRZUO/XMSgIns2krxcm2L7SEExRHwawFvSwNBhqNPR9HJwv3MruAiF1bhN0we6j6GQ=="
  "resolved" "https://registry.npmjs.org/@peculiar/asn1-schema/-/asn1-schema-2.3.3.tgz"
  "version" "2.3.3"
  dependencies:
    "asn1js" "^3.0.5"
    "pvtsutils" "^1.3.2"
    "tslib" "^2.4.0"

"@peculiar/json-schema@^1.1.12":
  "integrity" "sha512-coUfuoMeIB7B8/NMekxaDzLhaYmp0HZNPEjYRm9goRou8UZIC3z21s0sL9AWoCw4EG876QyO3kYrc61WNF9B/w=="
  "resolved" "https://registry.npmjs.org/@peculiar/json-schema/-/json-schema-1.1.12.tgz"
  "version" "1.1.12"
  dependencies:
    "tslib" "^2.0.0"

"@peculiar/webcrypto@^1.4.0":
  "integrity" "sha512-eK4C6WTNYxoI7JOabMoZICiyqRRtJB220bh0Mbj5RwRycleZf9BPyZoxsTvpP0FpmVS2aS13NKOuh5/tN3sIRw=="
  "resolved" "https://registry.npmjs.org/@peculiar/webcrypto/-/webcrypto-1.4.1.tgz"
  "version" "1.4.1"
  dependencies:
    "@peculiar/asn1-schema" "^2.3.0"
    "@peculiar/json-schema" "^1.1.12"
    "pvtsutils" "^1.3.2"
    "tslib" "^2.4.1"
    "webcrypto-core" "^1.7.4"

"@types/figlet@^1.5.5":
  "integrity" "sha512-0sMBeFoqdGgdXoR/hgKYSWMpFufSpToosNsI2VgmkPqZJgeEXsXNu2hGr0FN401dBro2tNO5y2D6uw3UxVaxbg=="
  "resolved" "https://registry.npmjs.org/@types/figlet/-/figlet-1.5.5.tgz"
  "version" "1.5.5"

"@types/minimatch@^5.1.2":
  "integrity" "sha512-K0VQKziLUWkVKiRVrx4a40iPaxTUefQmjtkQofBkYRcoaaL/8rhwDWww9qWbrgicNOgnpIsMxyNIUM4+n6dUIA=="
  "resolved" "https://registry.npmjs.org/@types/minimatch/-/minimatch-5.1.2.tgz"
  "version" "5.1.2"

"@types/node@^18.11.13":
  "integrity" "sha512-IASpMGVcWpUsx5xBOrxMj7Bl8lqfuTY7FKAnPmu5cHkfQVWF8GulWS1jbRqA934qZL35xh5xN/+Xe/i26Bod4w=="
  "resolved" "https://registry.npmjs.org/@types/node/-/node-18.11.13.tgz"
  "version" "18.11.13"

"@whatwg-node/fetch@^0.5.3":
  "integrity" "sha512-cuAKL3Z7lrJJuUrfF1wxkQTb24Qd1QO/lsjJpM5ZSZZzUMms5TPnbGeGUKWA3hVKNHh30lVfr2MyRCT5Jfkucw=="
  "resolved" "https://registry.npmjs.org/@whatwg-node/fetch/-/fetch-0.5.3.tgz"
  "version" "0.5.3"
  dependencies:
    "@peculiar/webcrypto" "^1.4.0"
    "abort-controller" "^3.0.0"
    "busboy" "^1.6.0"
    "form-data-encoder" "^1.7.1"
    "formdata-node" "^4.3.1"
    "node-fetch" "^2.6.7"
    "undici" "^5.12.0"
    "web-streams-polyfill" "^3.2.0"

"abort-controller@^3.0.0":
  "integrity" "sha512-h8lQ8tacZYnR3vNQTgibj+tODHI5/+l06Au2Pcriv/Gmet0eaj4TwWH41sO9wnHDiQsEj19q0drzdWdeAHtweg=="
  "resolved" "https://registry.npmjs.org/abort-controller/-/abort-controller-3.0.0.tgz"
  "version" "3.0.0"
  dependencies:
    "event-target-shim" "^5.0.0"

"ansi-styles@^4.1.0":
  "integrity" "sha512-zbB9rCJAT1rbjiVDb2hqKFHNYLxgtk8NURxZ3IZwD3F6NtxbXZQCnnSi1Lkx+IDohdPlFp222wVALIheZJQSEg=="
  "resolved" "https://registry.npmjs.org/ansi-styles/-/ansi-styles-4.3.0.tgz"
  "version" "4.3.0"
  dependencies:
    "color-convert" "^2.0.1"

"asn1js@^3.0.1", "asn1js@^3.0.5":
  "integrity" "sha512-FVnvrKJwpt9LP2lAMl8qZswRNm3T4q9CON+bxldk2iwk3FFpuwhx2FfinyitizWHsVYyaY+y5JzDR0rCMV5yTQ=="
  "resolved" "https://registry.npmjs.org/asn1js/-/asn1js-3.0.5.tgz"
  "version" "3.0.5"
  dependencies:
    "pvtsutils" "^1.3.2"
    "pvutils" "^1.1.3"
    "tslib" "^2.4.0"

"balanced-match@^1.0.0":
  "integrity" "sha512-3oSeUO0TMV67hN1AmbXsK4yaqU7tjiHlbxRDZOpH0KW9+CeX4bRAaX0Anxt0tx2MrpRpWwQaPwIlISEJhYU5Pw=="
  "resolved" "https://registry.npmjs.org/balanced-match/-/balanced-match-1.0.2.tgz"
  "version" "1.0.2"

"brace-expansion@^2.0.1":
  "integrity" "sha512-XnAIvQ8eM+kC6aULx6wuQiwVsnzsi9d3WxzV3FpWTGA19F621kwdbsAcFKXgKUHZWsy+mY6iL1sHTxWEFCytDA=="
  "resolved" "https://registry.npmjs.org/brace-expansion/-/brace-expansion-2.0.1.tgz"
  "version" "2.0.1"
  dependencies:
    "balanced-match" "^1.0.0"

"busboy@^1.6.0":
  "integrity" "sha512-8SFQbg/0hQ9xy3UNTB0YEnsNBbWfhf7RtnzpL7TkBiTBRfrQ9Fxcnz7VJsleJpyp6rVLvXiuORqjlHi5q+PYuA=="
  "resolved" "https://registry.npmjs.org/busboy/-/busboy-1.6.0.tgz"
  "version" "1.6.0"
  dependencies:
    "streamsearch" "^1.1.0"

"chalk@^4.1.2":
  "integrity" "sha512-oKnbhFyRIXpUuez8iBMmyEa4nbj4IOQyuhc/wy9kY7/WVPcwIO9VA668Pu8RkO7+0G76SLROeyw9CpQ061i4mA=="
  "resolved" "https://registry.npmjs.org/chalk/-/chalk-4.1.2.tgz"
  "version" "4.1.2"
  dependencies:
    "ansi-styles" "^4.1.0"
    "supports-color" "^7.1.0"

"clear@^0.1.0":
  "integrity" "sha512-qMjRnoL+JDPJHeLePZJuao6+8orzHMGP04A8CdwCNsKhRbOnKRjefxONR7bwILT3MHecxKBjHkKL/tkZ8r4Uzw=="
  "resolved" "https://registry.npmjs.org/clear/-/clear-0.1.0.tgz"
  "version" "0.1.0"

"color-convert@^2.0.1":
  "integrity" "sha512-RRECPsj7iu/xb5oKYcsFHSppFNnsj/52OVTRKb4zP5onXwVF3zVmmToNcOfGC+CRDpfK/U584fMg38ZHCaElKQ=="
  "resolved" "https://registry.npmjs.org/color-convert/-/color-convert-2.0.1.tgz"
  "version" "2.0.1"
  dependencies:
    "color-name" "~1.1.4"

"color-name@~1.1.4":
  "integrity" "sha512-dOy+3AuW3a2wNbZHIuMZpTcgjGuLU/uBL/ubcZF9OXbDo8ff4O8yVp5Bf0efS8uEoYo5q4Fx7dY9OgQGXgAsQA=="
  "resolved" "https://registry.npmjs.org/color-name/-/color-name-1.1.4.tgz"
  "version" "1.1.4"

"commander@^9.4.1":
  "integrity" "sha512-5EEkTNyHNGFPD2H+c/dXXfQZYa/scCKasxWcXJaWnNJ99pnQN9Vnmqow+p+PlFPE63Q6mThaZws1T+HxfpgtPw=="
  "resolved" "https://registry.npmjs.org/commander/-/commander-9.4.1.tgz"
  "version" "9.4.1"

"event-target-shim@^5.0.0":
  "integrity" "sha512-i/2XbnSz/uxRCU6+NdVJgKWDTM427+MqYbkQzD321DuCQJUqOuJKIA0IM2+W2xtYHdKOmZ4dR6fExsd4SXL+WQ=="
  "resolved" "https://registry.npmjs.org/event-target-shim/-/event-target-shim-5.0.1.tgz"
  "version" "5.0.1"

"fast-xml-parser@^4.0.12":
  "integrity" "sha512-/Nmo3823Rfx7UTJosQNz6hBVbszfv1Unb7A4iNJZhvCGCgtIHv/uODmrYIH8vc05+XKZ4hNIOv6SlBejvJgATw=="
  "resolved" "https://registry.npmjs.org/fast-xml-parser/-/fast-xml-parser-4.0.12.tgz"
  "version" "4.0.12"
  dependencies:
    "strnum" "^1.0.5"

"figlet@^1.5.2":
  "integrity" "sha512-WOn21V8AhyE1QqVfPIVxe3tupJacq1xGkPTB4iagT6o+P2cAgEOOwIxMftr4+ZCTI6d551ij9j61DFr0nsP2uQ=="
  "resolved" "https://registry.npmjs.org/figlet/-/figlet-1.5.2.tgz"
  "version" "1.5.2"

"form-data-encoder@^1.7.1":
  "integrity" "sha512-qfqtYan3rxrnCk1VYaA4H+Ms9xdpPqvLZa6xmMgFvhO32x7/3J/ExcTd6qpxM0vH2GdMI+poehyBZvqfMTto8A=="
  "resolved" "https://registry.npmjs.org/form-data-encoder/-/form-data-encoder-1.7.2.tgz"
  "version" "1.7.2"

"formdata-node@^4.3.1":
  "integrity" "sha512-0iirZp3uVDjVGt9p49aTaqjk84TrglENEDuqfdlZQ1roC9CWlPk6Avf8EEnZNcAqPonwkG35x4n3ww/1THYAeQ=="
  "resolved" "https://registry.npmjs.org/formdata-node/-/formdata-node-4.4.1.tgz"
  "version" "4.4.1"
  dependencies:
    "node-domexception" "1.0.0"
    "web-streams-polyfill" "4.0.0-beta.3"

"fs-jetpack@^5.1.0":
  "integrity" "sha512-Xn4fDhLydXkuzepZVsr02jakLlmoARPy+YWIclo4kh0GyNGUHnTqeH/w/qIsVn50dFxtp8otPL2t/HcPJBbxUA=="
  "resolved" "https://registry.npmjs.org/fs-jetpack/-/fs-jetpack-5.1.0.tgz"
  "version" "5.1.0"
  dependencies:
    "minimatch" "^5.1.0"

"has-flag@^4.0.0":
  "integrity" "sha512-EykJT/Q1KjTWctppgIAgfSO0tKVuZUjhgMr17kqTumMl6Afv3EISleU7qZUzoXDFTAHTDC4NOoG/ZxU3EvlMPQ=="
  "resolved" "https://registry.npmjs.org/has-flag/-/has-flag-4.0.0.tgz"
  "version" "4.0.0"

"minimatch@^5.1.0", "minimatch@^5.1.1":
  "integrity" "sha512-362NP+zlprccbEt/SkxKfRMHnNY85V74mVnpUpNyr3F35covl09Kec7/sEFLt3RA4oXmewtoaanoIf67SE5Y5g=="
  "resolved" "https://registry.npmjs.org/minimatch/-/minimatch-5.1.1.tgz"
  "version" "5.1.1"
  dependencies:
    "brace-expansion" "^2.0.1"

"node-domexception@1.0.0":
  "integrity" "sha512-/jKZoMpw0F8GRwl4/eLROPA3cfcXtLApP0QzLmUT/HuPCZWyB7IY9ZrMeKw2O/nFIqPQB3PVM9aYm0F312AXDQ=="
  "resolved" "https://registry.npmjs.org/node-domexception/-/node-domexception-1.0.0.tgz"
  "version" "1.0.0"

"node-fetch@^2.6.7":
  "integrity" "sha512-ZjMPFEfVx5j+y2yF35Kzx5sF7kDzxuDj6ziH4FFbOp87zKDZNx8yExJIb05OGF4Nlt9IHFIMBkRl41VdvcNdbQ=="
  "resolved" "https://registry.npmjs.org/node-fetch/-/node-fetch-2.6.7.tgz"
  "version" "2.6.7"
  dependencies:
    "whatwg-url" "^5.0.0"

"parse-diff@^0.11.0":
  "integrity" "sha512-9P+oyFJJU9jLd9/EEXf2nlyz6GNBxt2senI22/3ss1AVqf+ntxY9eNZJW9tqEyH8w8Ywfzhgixo061x70OCkzQ=="
  "resolved" "https://registry.npmjs.org/parse-diff/-/parse-diff-0.11.0.tgz"
  "version" "0.11.0"

"prettier@^2.8.1":
  "integrity" "sha512-lqGoSJBQNJidqCHE80vqZJHWHRFoNYsSpP9AjFhlhi9ODCJA541svILes/+/1GM3VaL/abZi7cpFzOpdR9UPKg=="
  "resolved" "https://registry.npmjs.org/prettier/-/prettier-2.8.1.tgz"
  "version" "2.8.1"

"pvtsutils@^1.3.2":
  "integrity" "sha512-+Ipe2iNUyrZz+8K/2IOo+kKikdtfhRKzNpQbruF2URmqPtoqAs8g3xS7TJvFF2GcPXjh7DkqMnpVveRFq4PgEQ=="
  "resolved" "https://registry.npmjs.org/pvtsutils/-/pvtsutils-1.3.2.tgz"
  "version" "1.3.2"
  dependencies:
    "tslib" "^2.4.0"

"pvutils@^1.1.3":
  "integrity" "sha512-pMpnA0qRdFp32b1sJl1wOJNxZLQ2cbQx+k6tjNtZ8CpvVhNqEPRgivZ2WOUev2YMajecdH7ctUPDvEe87nariQ=="
  "resolved" "https://registry.npmjs.org/pvutils/-/pvutils-1.1.3.tgz"
  "version" "1.1.3"

"streamsearch@^1.1.0":
  "integrity" "sha512-Mcc5wHehp9aXz1ax6bZUyY5afg9u2rv5cqQI3mRrYkGC8rW2hM02jWuwjtL++LS5qinSyhj2QfLyNsuc+VsExg=="
  "resolved" "https://registry.npmjs.org/streamsearch/-/streamsearch-1.1.0.tgz"
  "version" "1.1.0"

"strnum@^1.0.5":
  "integrity" "sha512-J8bbNyKKXl5qYcR36TIO8W3mVGVHrmmxsd5PAItGkmyzwJvybiw2IVq5nqd0i4LSNSkB/sx9VHllbfFdr9k1JA=="
  "resolved" "https://registry.npmjs.org/strnum/-/strnum-1.0.5.tgz"
  "version" "1.0.5"

"supports-color@^7.1.0":
  "integrity" "sha512-qpCAvRl9stuOHveKsn7HncJRvv501qIacKzQlO/+Lwxc9+0q2wLyv4Dfvt80/DPn2pqOBsJdDiogXGR9+OvwRw=="
  "resolved" "https://registry.npmjs.org/supports-color/-/supports-color-7.2.0.tgz"
  "version" "7.2.0"
  dependencies:
    "has-flag" "^4.0.0"

"tr46@~0.0.3":
  "integrity" "sha512-N3WMsuqV66lT30CrXNbEjx4GEwlow3v6rr4mCcv6prnfwhS01rkgyFdjPNBYd9br7LpXV1+Emh01fHnq2Gdgrw=="
  "resolved" "https://registry.npmjs.org/tr46/-/tr46-0.0.3.tgz"
  "version" "0.0.3"

"tslib@^2.0.0", "tslib@^2.4.0", "tslib@^2.4.1":
  "integrity" "sha512-tGyy4dAjRIEwI7BzsB0lynWgOpfqjUdq91XXAlIWD2OwKBH7oCl/GZG/HT4BOHrTlPMOASlMQ7veyTqpmRcrNA=="
  "resolved" "https://registry.npmjs.org/tslib/-/tslib-2.4.1.tgz"
  "version" "2.4.1"

"typescript@^4.9.3":
  "integrity" "sha512-CIfGzTelbKNEnLpLdGFgdyKhG23CKdKgQPOBc+OUNrkJ2vr+KSzsSV5kq5iWhEQbok+quxgGzrAtGWCyU7tHnA=="
  "resolved" "https://registry.npmjs.org/typescript/-/typescript-4.9.3.tgz"
  "version" "4.9.3"

"undici@^5.12.0":
  "integrity" "sha512-YiZ61LPIgY73E7syxCDxxa3LV2yl3sN8spnIuTct60boiiRaE1J8mNWHO8Im2Zi/sFrPusjLlmRPrsyraSqX6A=="
  "resolved" "https://registry.npmjs.org/undici/-/undici-5.19.1.tgz"
  "version" "5.19.1"
  dependencies:
    "busboy" "^1.6.0"

"web-streams-polyfill@^3.2.0":
  "integrity" "sha512-e0MO3wdXWKrLbL0DgGnUV7WHVuw9OUvL4hjgnPkIeEvESk74gAITi5G606JtZPp39cd8HA9VQzCIvA49LpPN5Q=="
  "resolved" "https://registry.npmjs.org/web-streams-polyfill/-/web-streams-polyfill-3.2.1.tgz"
  "version" "3.2.1"

"web-streams-polyfill@4.0.0-beta.3":
  "integrity" "sha512-QW95TCTaHmsYfHDybGMwO5IJIM93I/6vTRk+daHTWFPhwh+C8Cg7j7XyKrwrj8Ib6vYXe0ocYNrmzY4xAAN6ug=="
  "resolved" "https://registry.npmjs.org/web-streams-polyfill/-/web-streams-polyfill-4.0.0-beta.3.tgz"
  "version" "4.0.0-beta.3"

"webcrypto-core@^1.7.4":
  "integrity" "sha512-gaExY2/3EHQlRNNNVSrbG2Cg94Rutl7fAaKILS1w8ZDhGxdFOaw6EbCfHIxPy9vt/xwp5o0VQAx9aySPF6hU1A=="
  "resolved" "https://registry.npmjs.org/webcrypto-core/-/webcrypto-core-1.7.5.tgz"
  "version" "1.7.5"
  dependencies:
    "@peculiar/asn1-schema" "^2.1.6"
    "@peculiar/json-schema" "^1.1.12"
    "asn1js" "^3.0.1"
    "pvtsutils" "^1.3.2"
    "tslib" "^2.4.0"

"webidl-conversions@^3.0.0":
  "integrity" "sha512-2JAn3z8AR6rjK8Sm8orRC0h/bcl/DqL7tRPdGZ4I1CjdF+EaMLmYxBHyXuKL849eucPFhvBoxMsflfOb8kxaeQ=="
  "resolved" "https://registry.npmjs.org/webidl-conversions/-/webidl-conversions-3.0.1.tgz"
  "version" "3.0.1"

"whatwg-url@^5.0.0":
  "integrity" "sha512-saE57nupxk6v3HY35+jzBwYa0rKSy0XR8JSxZPwgLr7ys0IBzhGviA1/TUGJLmSVqs8pb9AnvICXEuOHLprYTw=="
  "resolved" "https://registry.npmjs.org/whatwg-url/-/whatwg-url-5.0.0.tgz"
  "version" "5.0.0"
  dependencies:
    "tr46" "~0.0.3"
    "webidl-conversions" "^3.0.0"
